
Microsoft Visual Studio Solution File, Format Version 12.00
Project("{FAE04EC0-301F-11D3-BF4B-00C04F79EFBC}") = "RKOTrainer", "RKOTrainer\RKOTrainer.csproj", "{DCFC69B5-D2E6-41E1-8244-698C7058E2B6}"
EndProject
Global
	GlobalSection(SolutionConfigurationPlatforms) = preSolution
		Debug|Any CPU = Debug|Any CPU
		Release|Any CPU = Release|Any CPU
	EndGlobalSection
	GlobalSection(ProjectConfigurationPlatforms) = postSolution
		{DCFC69B5-D2E6-41E1-8244-698C7058E2B6}.Debug|Any CPU.ActiveCfg = Debug|Any CPU
		{DCFC69B5-D2E6-41E1-8244-698C7058E2B6}.Debug|Any CPU.Build.0 = Debug|Any CPU
		{DCFC69B5-D2E6-41E1-8244-698C7058E2B6}.Release|Any CPU.ActiveCfg = Release|Any CPU
		{DCFC69B5-D2E6-41E1-8244-698C7058E2B6}.Release|Any CPU.Build.0 = Release|Any CPU
	EndGlobalSection
EndGlobal
